
Microsoft Visual Studio Solution File, Format Version 12.00
# Visual Studio Version 17
VisualStudioVersion = 17.10.34607.79
MinimumVisualStudioVersion = 10.0.40219.1
Project("{FAE04EC0-301F-11D3-BF4B-00C04F79EFBC}") = "ParkingZoneApp", "ParkingZoneApp.csproj", "{2CA2179D-247D-4EAF-AE1D-DF43881A2F9A}"
EndProject
Global
	GlobalSection(SolutionConfigurationPlatforms) = preSolution
		Debug|Any CPU = Debug|Any CPU
		Release|Any CPU = Release|Any CPU
	EndGlobalSection
	GlobalSection(ProjectConfigurationPlatforms) = postSolution
		{2CA2179D-247D-4EAF-AE1D-DF43881A2F9A}.Debug|Any CPU.ActiveCfg = Debug|Any CPU
		{2CA2179D-247D-4EAF-AE1D-DF43881A2F9A}.Debug|Any CPU.Build.0 = Debug|Any CPU
		{2CA2179D-247D-4EAF-AE1D-DF43881A2F9A}.Release|Any CPU.ActiveCfg = Release|Any CPU
		{2CA2179D-247D-4EAF-AE1D-DF43881A2F9A}.Release|Any CPU.Build.0 = Release|Any CPU
	EndGlobalSection
	GlobalSection(SolutionProperties) = preSolution
		HideSolutionNode = FALSE
	EndGlobalSection
	GlobalSection(ExtensibilityGlobals) = postSolution
		SolutionGuid = {0123E9A4-6F5E-4D7F-BD86-D0DF6D7730BC}
	EndGlobalSection
EndGlobal
